<?xml version="1.0" encoding="utf-8"?>
<Project ToolsVersion="4.0" xmlns="http://schemas.microsoft.com/developer/msbuild/2003">
  <ItemGroup>
    <Filter Include="Engine">
      <UniqueIdentifier>{648e9363-7c33-4996-9a3d-af04cd4ab306}</UniqueIdentifier>
    </Filter>
    <Filter Include="Header Files">
      <UniqueIdentifier>{4FC737F1-C7A5-4376-A066-2A32D752A2FF}</UniqueIdentifier>
      <Extensions>cpp;c;cc;cxx;c++;cppm;ixx;def;odl;idl;hpj;bat;asm;asmx</Extensions>
    </Filter>
    <Filter Include="Source Files">
      <UniqueIdentifier>{7d231ced-cda7-4c6d-a2fb-53b16a91b865}</UniqueIdentifier>
    </Filter>
    <Filter Include="Engine\Template">
      <UniqueIdentifier>{a20e86da-a02e-4059-b881-99b17e7ea477}</UniqueIdentifier>
    </Filter>
    <Filter Include="Framework">
      <UniqueIdentifier>{b83839af-c722-41d1-8066-a179934937ed}</UniqueIdentifier>
    </Filter>
    <Filter Include="Engine\Dishonered">
      <UniqueIdentifier>{3beb0f8b-1c3e-44fb-9ab8-bc9c7aa9dd90}</UniqueIdentifier>
    </Filter>
  </ItemGroup>
  <ItemGroup>
    <ClCompile Include="Engine\Engine.cpp">
      <Filter>Engine</Filter>
    </ClCompile>
    <ClCompile Include="Engine\Template\Configuration.cpp">
      <Filter>Engine\Template</Filter>
    </ClCompile>
    <ClCompile Include="Engine\Template\GameDefines.cpp">
      <Filter>Engine\Template</Filter>
    </ClCompile>
    <ClCompile Include="Engine\Template\PiecesOfCode.cpp">
      <Filter>Engine\Template</Filter>
    </ClCompile>
    <ClCompile Include="dllmain.cpp">
      <Filter>Source Files</Filter>
    </ClCompile>
    <ClCompile Include="pch.cpp">
      <Filter>Source Files</Filter>
    </ClCompile>
    <ClCompile Include="Framework\Member.cpp">
      <Filter>Framework</Filter>
    </ClCompile>
    <ClCompile Include="Engine\Dishonered\GameDefines.cpp">
      <Filter>Engine\Dishonered</Filter>
    </ClCompile>
    <ClCompile Include="Engine\Dishonered\PiecesOfCode.cpp">
      <Filter>Engine\Dishonered</Filter>
    </ClCompile>
    <ClCompile Include="Engine\Dishonered\Configuration.cpp">
      <Filter>Engine\Dishonered</Filter>
    </ClCompile>
    <ClCompile Include="Framework\Printer.cpp">
      <Filter>Framework</Filter>
    </ClCompile>
  </ItemGroup>
  <ItemGroup>
    <ClInclude Include="Engine\Engine.hpp">
      <Filter>Engine</Filter>
    </ClInclude>
    <ClInclude Include="Engine\Template\Configuration.hpp">
      <Filter>Engine\Template</Filter>
    </ClInclude>
    <ClInclude Include="Engine\Template\GameDefines.hpp">
      <Filter>Engine\Template</Filter>
    </ClInclude>
    <ClInclude Include="Engine\Template\PiecesOfCode.hpp">
      <Filter>Engine\Template</Filter>
    </ClInclude>
    <ClInclude Include="dllmain.hpp">
      <Filter>Header Files</Filter>
    </ClInclude>
    <ClInclude Include="pch.hpp">
      <Filter>Header Files</Filter>
    </ClInclude>
    <ClInclude Include="Framework\Member.hpp">
      <Filter>Framework</Filter>
    </ClInclude>
    <ClInclude Include="Engine\Dishonered\Configuration.hpp">
      <Filter>Engine\Dishonered</Filter>
    </ClInclude>
    <ClInclude Include="Engine\Dishonered\GameDefines.hpp">
      <Filter>Engine\Dishonered</Filter>
    </ClInclude>
    <ClInclude Include="Engine\Dishonered\PiecesOfCode.hpp">
      <Filter>Engine\Dishonered</Filter>
    </ClInclude>
    <ClInclude Include="Framework\Printer.hpp">
      <Filter>Framework</Filter>
    </ClInclude>
  </ItemGroup>
</Project>